bou.ke/monkey v1.0.2/go.mod h1:OqickVX3tNx6t33n1xvtTtu85YN5s6cKwVug+oHMaIA=
github.com/fatih/color v1.10.0 h1:s36xzo75JdqLaaWoiEHk767eHiwo0598uUxyfiPkDsg=
github.com/fatih/color v1.10.0/go.mod h1:ELkj/draVOlAH/xkhN6mQ50Qd0MPOk5AAr3maGEBuJM=
github.com/go-test/deep v1.0.7 h1:/VSMRlnY/JSyqxQUzQLKVMAskpY/NZKFA5j2P+0pP2M=
github.com/go-test/deep v1.0.7/go.mod h1:QV8Hv/iy04NyLBxAdO9njL0iVPN1S4d/A3NVv1V36o8=
github.com/julienschmidt/httprouter v1.3.0/go.mod h1:JR6WtHb+2LUe8TCKY3cZOxFyyO8IZAc4RVcycCCAKdM=
github.com/lib/pq v1.9.0/go.mod h1:AlVN5x4E4T544tWzH6hKfbfQvm3HdbOxrmggDNAPY9o=
github.com/lib/pq v1.10.1 h1:6VXZrLU0jHBYyAqrSPa+MgPfnSvTPuMgK+k0o5kVFWo=
github.com/lib/pq v1.10.1/go.mod h1:AlVN5x4E4T544tWzH6hKfbfQvm3HdbOxrmggDNAPY9o=
github.com/lovego/bsql v0.0.3 h1:F7yTYwFNWS46wEISdVhQ+VNE96WlV6/XwWdJzrdif64=
github.com/lovego/bsql v0.0.3/go.mod h1:CQXZVejnz6ov2n8iql4dHpR5hj1/sih19mmMCWIXz3g=
github.com/lovego/date v0.0.0-20200911055540-3565a62cb479/go.mod h1:dHef61fZ3P8JwWJvgK600bob+q2Guy1DnexxaXSqgNo=
github.com/lovego/date v0.0.1 h1:cC56eLFozfvUKQ21OH5+9RTu7nxyfdBd5CRTWe1aF04=
github.com/lovego/date v0.0.1/go.mod h1:dHef61fZ3P8JwWJvgK600bob+q2Guy1DnexxaXSqgNo=
github.com/lovego/deep v0.0.0-20181026090555-43e991e46ed7 h1:KL642hJa42mH7BeOmgH1cD0Tq/9hMYZeSZWYUoyJTnc=
github.com/lovego/deep v0.0.0-20181026090555-43e991e46ed7/go.mod h1:XynII9aoyVfwNWOKBa/Hfn7+SXuc09qgYyzv0VOhGLE=
github.com/lovego/errs v0.0.0-20200914124519-002655aaf593/go.mod h1:FfIOS6S5g1NZl4X4jGnY5DifiOaKOpv4N9wZXUKej8k=
github.com/lovego/errs v0.0.2 h1:T2ZMIaSvfH/H66Twea/xX9UA/hfeqQkzvftrce/RgJY=
github.com/lovego/errs v0.0.2/go.mod h1:ghGAxm7RQySjaQ7+H0qWei20i/KcIGsyD4XZnj4tK/0=
github.com/lovego/fs v0.0.2 h1:hmSCMqssKHUpuKniRAd0GapY9706AeRT+LrMSihO3sg=
github.com/lovego/fs v0.0.2/go.mod h1:rn6mRqNaC3noNNdckmOH0h9uvcka9JNvk1KbgZyh47Q=
github.com/lovego/goa v0.0.7 h1:T6sBZdU58BJ2f7pV91hRWMxP0eHNmC9taXR6NBlmi/0=
github.com/lovego/goa v0.0.7/go.mod h1:J9QLruxKmdR68vKUTBem3zmoMWxNuNIy072+dLcSYps=
github.com/lovego/jsondoc v0.0.0-20210513062349-dc84f0529696 h1:wAJbDRIfJbiIhPovJeoDPFHHWBP+yc7nPCrNXaHK5PA=
github.com/lovego/jsondoc v0.0.0-20210513062349-dc84f0529696/go.mod h1:pJ1gUCK3Vt7KZJoYkujVp+RElqZ/Psgkdempx67nC/8=
github.com/lovego/logger v0.0.0-20200804041111-ab21de5d5a74/go.mod h1:uAHp76Nknc9tJbA2XKYQCUYqQR82udPAItcs/BtQDn4=
github.com/lovego/logger v0.0.1 h1:Sr4eR74YFgrUtoMvWV2Jn64pi9YfcjGC6a6uXv91Qkk=
github.com/lovego/logger v0.0.1/go.mod h1:4sDufT6c2yWdlUEIeiS1ivN8pIfVARiLRoqW4/TuPUg=
github.com/lovego/maps v0.0.0-20190404131308-5c14106deb1f/go.mod h1:7hsF4cgdpLGo+c6/0bQAKi14FnRIqmFu2bfAHKdQuG8=
github.com/lovego/regex_tree v0.0.0-20201024082014-ed2a66f4b888 h1:K53qtMNgslDpOiVU/dM+0SgxOQhCNerHSYtiVM6xrjs=
github.com/lovego/regex_tree v0.0.0-20201024082014-ed2a66f4b888/go.mod h1:EyRae8Bzxiu365gWzB4xDtYF+72btiDP1LfXhTibiSM=
github.com/lovego/slice v0.0.2 h1:08le4yhNBbNsNz2lREzHfm3nUmgzno+69dcf7EMsY7E=
github.com/lovego/slice v0.0.2/go.mod h1:C4ahk1h65jGU4T1V6Tg4VBQUx0ORnHuc2owWwr62cNg=
github.com/lovego/sorted_sets v0.0.0-20190427104240-45a3bc2c9670 h1:xc2fhG68Ggo6YmdYHAGsf6z4eO2JpAimVBFMATwzIx8=
github.com/lovego/sorted_sets v0.0.0-20190427104240-45a3bc2c9670/go.mod h1:J6sjYNjxXryoAxWWiwA1EH58LJqzXEnGsT5eucx9q2w=
github.com/lovego/strs v0.0.0-20200806061622-587de9a27e5c h1:nNif2nzOnIQhoWRjkU3zfa/MZLBaA8mzIfIEpTkc1hI=
github.com/lovego/strs v0.0.0-20200806061622-587de9a27e5c/go.mod h1:YgXHmoSkZdN/hEzZ0LszKnvz8JHP9oSXbHvkrE/8ZiI=
github.com/lovego/struct_tag v0.0.0-20200821111615-1a11055a2d31/go.mod h1:2Y5edfo2L39OxqqJqk0w67T136Njegcfi6YeOCbEkng=
github.com/lovego/struct_tag v0.0.3 h1:7WDwH8jQv2hFFikoU05OdIOGS6riL2TEeGbminrY/+w=
github.com/lovego/struct_tag v0.0.3/go.mod h1:Q1otUkTCkcK/oo650zZiElIpQD2CAEJDZcjjhZ9aJnk=
github.com/lovego/structs v0.0.0-20210207031546-7db08510750d h1:jSrxw9x99zDZ5OLp63KVqw4oFMg5+/NS9dZumaDPJF8=
github.com/lovego/structs v0.0.0-20210207031546-7db08510750d/go.mod h1:pQsJc6Te//8NDwEMvPHjB6o25Ghr8ahkxtxwHtpKkIM=
github.com/lovego/tracer v0.0.0-20200207073659-f9fecb73b19f/go.mod h1:aKGpzdC+2JKu/90fy95JH9Ndaske6mVUEpwMW6rsvMo=
github.com/lovego/tracer v0.0.1 h1:NAggoG9bu9JrgSFOUPmZBmshmT7myOFAIy1zWeNNt9o=
github.com/lovego/tracer v0.0.1/go.mod h1:cqfr/BqdkspXnph/SO8AOt58d+ziUGEzzM3OXMtI0rc=
github.com/mattn/go-colorable v0.1.8 h1:c1ghPdyEDarC70ftn0y+A/Ee++9zz8ljHG1b13eJ0s8=
github.com/mattn/go-colorable v0.1.8/go.mod h1:u6P/XSegPjTcexA+o6vUJrdnUu04hMope9wVRipJSqc=
github.com/mattn/go-isatty v0.0.12 h1:wuysRhFDzyxgEmMf5xjvJ2M9dZoWAXNNr5LSBS7uHXY=
github.com/mattn/go-isatty v0.0.12/go.mod h1:cbi8OIDigv2wuxKPP5vlRcQ1OAZbq2CE4Kysco4FUpU=
github.com/mattn/go-runewidth v0.0.10 h1:CoZ3S2P7pvtP45xOtBw+/mDL2z0RKI576gSkzRRpdGg=
github.com/mattn/go-runewidth v0.0.10/go.mod h1:RAqKPSqVFrSLVXbA8x7dzmKdmGzieGRCM46jaSJTDAk=
github.com/rivo/uniseg v0.1.0 h1:+2KBaVoUmb9XzDsrx/Ct0W/EYOSFf/nWTauy++DprtY=
github.com/rivo/uniseg v0.1.0/go.mod h1:J6wj4VEh+S6ZtnVlnTBMWIodfgj8LQOQFoIToxlJtxc=
github.com/shopspring/decimal v1.2.0 h1:abSATXmQEYyShuxI4/vyW3tV1MrKAJzCZ/0zLUXYbsQ=
github.com/shopspring/decimal v1.2.0/go.mod h1:DKyhrW/HYNuLGql+MJL6WCR6knT2jwCFRcu2hWCYk4o=
golang.org/x/sys v0.0.0-20200116001909-b77594299b42/go.mod h1:h1NjWce9XRLGQEsW7wpKNCjG9DtNlClVuFLEZdDNbEs=
golang.org/x/sys v0.0.0-20200223170610-d5e6a3e2c0ae h1:/WDfKMnPU+m5M4xB+6x4kaepxRw6jWvR5iDRdvjHgy8=
golang.org/x/sys v0.0.0-20200223170610-d5e6a3e2c0ae/go.mod h1:h1NjWce9XRLGQEsW7wpKNCjG9DtNlClVuFLEZdDNbEs=
