github.com/fatih/color v1.12.0/go.mod h1:ELkj/draVOlAH/xkhN6mQ50Qd0MPOk5AAr3maGEBuJM=
github.com/fatih/color v1.13.0 h1:8LOYc1KYPPmyKMuN8QV2DNRWNbLo6LZ0iLs8+mlH53w=
github.com/fatih/color v1.13.0/go.mod h1:kLAiJbzzSOZDVNGyDpeOxJ47H46qBXwg5ILebYFFOfk=
github.com/go-test/deep v1.0.7 h1:/VSMRlnY/JSyqxQUzQLKVMAskpY/NZKFA5j2P+0pP2M=
github.com/go-test/deep v1.0.7/go.mod h1:QV8Hv/iy04NyLBxAdO9njL0iVPN1S4d/A3NVv1V36o8=
github.com/julienschmidt/httprouter v1.3.0/go.mod h1:JR6WtHb+2LUe8TCKY3cZOxFyyO8IZAc4RVcycCCAKdM=
github.com/lib/pq v1.10.3 h1:v9QZf2Sn6AmjXtQeFpdoq/eaNtYP6IN+7lcrygsIAtg=
github.com/lib/pq v1.10.3/go.mod h1:AlVN5x4E4T544tWzH6hKfbfQvm3HdbOxrmggDNAPY9o=
github.com/lovego/bsql v0.1.2 h1:3ZAS1dGrlSYkfua/Cc807pd96lt+A0RifMNpLaiDjyA=
github.com/lovego/bsql v0.1.2/go.mod h1:qbQX1p9JHl12UAeePHySxwy1KXcreX9v7t0FhO5BXZE=
github.com/lovego/date v0.0.2 h1:CspWMv90bY/5hAHEgDuWZNd6a/GOfVnoEEvDeZmyJbs=
github.com/lovego/date v0.0.2/go.mod h1:wzY5dhOOmHD79SMuThTimEFopT6oZYRiSMv4bkBiw3Q=
github.com/lovego/deep v0.0.0-20181026090555-43e991e46ed7 h1:KL642hJa42mH7BeOmgH1cD0Tq/9hMYZeSZWYUoyJTnc=
github.com/lovego/deep v0.0.0-20181026090555-43e991e46ed7/go.mod h1:XynII9aoyVfwNWOKBa/Hfn7+SXuc09qgYyzv0VOhGLE=
github.com/lovego/errs v0.0.2/go.mod h1:ghGAxm7RQySjaQ7+H0qWei20i/KcIGsyD4XZnj4tK/0=
github.com/lovego/errs v0.0.5 h1:EXCp1vx5KSTXHmtRMb9beMC+Hm+y9rGiOVBeN9yRZ5o=
github.com/lovego/errs v0.0.5/go.mod h1:ghGAxm7RQySjaQ7+H0qWei20i/KcIGsyD4XZnj4tK/0=
github.com/lovego/errs v0.0.6 h1:7K8wOIEjjHdhkhcQ5iCU0L3AwCLfGjXKhwOAq/NqfAM=
github.com/lovego/errs v0.0.6/go.mod h1:ghGAxm7RQySjaQ7+H0qWei20i/KcIGsyD4XZnj4tK/0=
github.com/lovego/fs v0.0.2 h1:hmSCMqssKHUpuKniRAd0GapY9706AeRT+LrMSihO3sg=
github.com/lovego/fs v0.0.2/go.mod h1:rn6mRqNaC3noNNdckmOH0h9uvcka9JNvk1KbgZyh47Q=
github.com/lovego/goa v0.3.1 h1:flOgLhSbnvPyJ8J50JVQlYnS7J4lkw30P4PoKdQUbDw=
github.com/lovego/goa v0.3.1/go.mod h1:D1AEkKv2jhUZLglAxFukFi0Il/8YhDov2JziURULdSQ=
github.com/lovego/jsondoc v0.0.1 h1:NWcJtdiJBYdB2tuacbWVm1eIG7WCUinbUMjfLrKwDyU=
github.com/lovego/jsondoc v0.0.1/go.mod h1:Cmsjt4rGMKWS3g4++qUwxazVa1PQ5bnDesWop68bjS0=
github.com/lovego/logger v0.0.1/go.mod h1:4sDufT6c2yWdlUEIeiS1ivN8pIfVARiLRoqW4/TuPUg=
github.com/lovego/logger v0.0.3 h1:7rvMnfx/LPBAc1WkV70KO0hotz5m6u62aSUSrZ/HMb4=
github.com/lovego/logger v0.0.3/go.mod h1:kAUy2TeoUGs/1TtH7GKcYUD7JG9ZD10fWZNmhAwYNKo=
github.com/lovego/regex_tree v0.0.1 h1:YJQlQODOXYQ/ecYRhZ9NwzkqBsrkufKHcjBGLdizgQE=
github.com/lovego/regex_tree v0.0.1/go.mod h1:Yom1IFMTdVIYqw2iYIlJ2l1Ia3+DnmmaK3ONMkDb44I=
github.com/lovego/slice v0.0.8 h1:Ska4EQTGlouZOfwp2tInf+jOK8iDr2Jqlf4oT5rFKnk=
github.com/lovego/slice v0.0.8/go.mod h1:C4ahk1h65jGU4T1V6Tg4VBQUx0ORnHuc2owWwr62cNg=
github.com/lovego/slice v0.0.9 h1:0WfrcyROoy2S2i5We461YIKfeL/QQN8K1gzaYw2d78U=
github.com/lovego/slice v0.0.9/go.mod h1:C4ahk1h65jGU4T1V6Tg4VBQUx0ORnHuc2owWwr62cNg=
github.com/lovego/sorted_sets v0.0.2 h1:zL/r4Fv0pYMvv9BVOpVy3qwO/zximlcCGilFy9/JQ8g=
github.com/lovego/sorted_sets v0.0.2/go.mod h1:FPUIxm0s+jURyGcqpHsDaAXjz661YqkUlbGP0Hwz2Bc=
github.com/lovego/strs v0.0.1 h1:joX7JN3GOw1MRucPMBEhZrl23QCJjAbCZ6RP7uZkyss=
github.com/lovego/strs v0.0.1/go.mod h1:Ivt9jHXs/VOhRKPDDWeF2d1PUeR5wJdUKpmsnVCjoz8=
github.com/lovego/struct_tag v0.0.3 h1:7WDwH8jQv2hFFikoU05OdIOGS6riL2TEeGbminrY/+w=
github.com/lovego/struct_tag v0.0.3/go.mod h1:Q1otUkTCkcK/oo650zZiElIpQD2CAEJDZcjjhZ9aJnk=
github.com/lovego/structs v0.0.3 h1:zZCWfJAjr6GFnl9ZBb7BUwfXLt4GAWJ6mUdDfXgzgBA=
github.com/lovego/structs v0.0.3/go.mod h1:XsHdgZPde3XDzk3eJ49xfBSk2q+6nmYzrWK93sN7PQQ=
github.com/lovego/tracer v0.0.1 h1:NAggoG9bu9JrgSFOUPmZBmshmT7myOFAIy1zWeNNt9o=
github.com/lovego/tracer v0.0.1/go.mod h1:cqfr/BqdkspXnph/SO8AOt58d+ziUGEzzM3OXMtI0rc=
github.com/lovego/tracer v0.0.2 h1:lDD3v00VU8oRu/ajX+sj9M1Zf1T0/+QpjWEiqIxPDqM=
github.com/lovego/tracer v0.0.2/go.mod h1:cqfr/BqdkspXnph/SO8AOt58d+ziUGEzzM3OXMtI0rc=
github.com/mattn/go-colorable v0.1.8 h1:c1ghPdyEDarC70ftn0y+A/Ee++9zz8ljHG1b13eJ0s8=
github.com/mattn/go-colorable v0.1.8/go.mod h1:u6P/XSegPjTcexA+o6vUJrdnUu04hMope9wVRipJSqc=
github.com/mattn/go-colorable v0.1.9/go.mod h1:u6P/XSegPjTcexA+o6vUJrdnUu04hMope9wVRipJSqc=
github.com/mattn/go-colorable v0.1.11 h1:nQ+aFkoE2TMGc0b68U2OKSexC+eq46+XwZzWXHRmPYs=
github.com/mattn/go-colorable v0.1.11/go.mod h1:u5H1YNBxpqRaxsYJYSkiCWKzEfiAb1Gb520KVy5xxl4=
github.com/mattn/go-isatty v0.0.12 h1:wuysRhFDzyxgEmMf5xjvJ2M9dZoWAXNNr5LSBS7uHXY=
github.com/mattn/go-isatty v0.0.12/go.mod h1:cbi8OIDigv2wuxKPP5vlRcQ1OAZbq2CE4Kysco4FUpU=
github.com/mattn/go-isatty v0.0.13/go.mod h1:cbi8OIDigv2wuxKPP5vlRcQ1OAZbq2CE4Kysco4FUpU=
github.com/mattn/go-isatty v0.0.14 h1:yVuAays6BHfxijgZPzw+3Zlu5yQgKGP2/hcQbHb7S9Y=
github.com/mattn/go-isatty v0.0.14/go.mod h1:7GGIvUiUoEMVVmxf/4nioHXj79iQHKdU27kJ6hsGG94=
github.com/mattn/go-runewidth v0.0.13 h1:lTGmDsbAYt5DmK6OnoV7EuIF1wEIFAcxld6ypU4OSgU=
github.com/mattn/go-runewidth v0.0.13/go.mod h1:Jdepj2loyihRzMpdS35Xk/zdY8IAYHsh153qUoGf23w=
github.com/rivo/uniseg v0.2.0 h1:S1pD9weZBuJdFmowNwbpi7BJ8TNftyUImj/0WQi72jY=
github.com/rivo/uniseg v0.2.0/go.mod h1:J6wj4VEh+S6ZtnVlnTBMWIodfgj8LQOQFoIToxlJtxc=
github.com/shopspring/decimal v1.2.0 h1:abSATXmQEYyShuxI4/vyW3tV1MrKAJzCZ/0zLUXYbsQ=
github.com/shopspring/decimal v1.2.0/go.mod h1:DKyhrW/HYNuLGql+MJL6WCR6knT2jwCFRcu2hWCYk4o=
github.com/shopspring/decimal v1.3.1 h1:2Usl1nmF/WZucqkFZhnfFYxxxu8LG21F6nPQBE5gKV8=
github.com/shopspring/decimal v1.3.1/go.mod h1:DKyhrW/HYNuLGql+MJL6WCR6knT2jwCFRcu2hWCYk4o=
golang.org/x/sys v0.0.0-20200116001909-b77594299b42/go.mod h1:h1NjWce9XRLGQEsW7wpKNCjG9DtNlClVuFLEZdDNbEs=
golang.org/x/sys v0.0.0-20200223170610-d5e6a3e2c0ae h1:/WDfKMnPU+m5M4xB+6x4kaepxRw6jWvR5iDRdvjHgy8=
golang.org/x/sys v0.0.0-20200223170610-d5e6a3e2c0ae/go.mod h1:h1NjWce9XRLGQEsW7wpKNCjG9DtNlClVuFLEZdDNbEs=
golang.org/x/sys v0.0.0-20210630005230-0f9fa26af87c/go.mod h1:oPkhp1MJrh7nUepCBck5+mAzfO9JrbApNNgaTdGDITg=
golang.org/x/sys v0.0.0-20210921065528-437939a70204/go.mod h1:oPkhp1MJrh7nUepCBck5+mAzfO9JrbApNNgaTdGDITg=
golang.org/x/sys v0.0.0-20210927094055-39ccf1dd6fa6/go.mod h1:oPkhp1MJrh7nUepCBck5+mAzfO9JrbApNNgaTdGDITg=
golang.org/x/sys v0.0.0-20211029165221-6e7872819dc8 h1:M69LAlWZCshgp0QSzyDcSsSIejIEeuaCVpmwcKwyLMk=
golang.org/x/sys v0.0.0-20211029165221-6e7872819dc8/go.mod h1:oPkhp1MJrh7nUepCBck5+mAzfO9JrbApNNgaTdGDITg=
